
Microsoft Visual Studio Solution File, Format Version 12.00
# Visual Studio Version 17
VisualStudioVersion = 17.11.35312.102
MinimumVisualStudioVersion = 10.0.40219.1
Project("{FAE04EC0-301F-11D3-BF4B-00C04F79EFBC}") = "NoteApps", "NoteApps\NoteApps.csproj", "{5DC35206-2754-4B16-B66B-314C4785BAAC}"
EndProject
Global
	GlobalSection(SolutionConfigurationPlatforms) = preSolution
		Debug|Any CPU = Debug|Any CPU
		Release|Any CPU = Release|Any CPU
	EndGlobalSection
	GlobalSection(ProjectConfigurationPlatforms) = postSolution
		{5DC35206-2754-4B16-B66B-314C4785BAAC}.Debug|Any CPU.ActiveCfg = Debug|Any CPU
		{5DC35206-2754-4B16-B66B-314C4785BAAC}.Debug|Any CPU.Build.0 = Debug|Any CPU
		{5DC35206-2754-4B16-B66B-314C4785BAAC}.Release|Any CPU.ActiveCfg = Release|Any CPU
		{5DC35206-2754-4B16-B66B-314C4785BAAC}.Release|Any CPU.Build.0 = Release|Any CPU
	EndGlobalSection
	GlobalSection(SolutionProperties) = preSolution
		HideSolutionNode = FALSE
	EndGlobalSection
	GlobalSection(ExtensibilityGlobals) = postSolution
		SolutionGuid = {5D029921-D6BD-4331-991C-5C50CC22C8EA}
	EndGlobalSection
EndGlobal
